
Microsoft Visual Studio Solution File, Format Version 12.00
# Visual Studio 14
VisualStudioVersion = 14.0.25420.1
MinimumVisualStudioVersion = 10.0.40219.1
Project("{FAE04EC0-301F-11D3-BF4B-00C04F79EFBC}") = "EditoraCrescer.Infraestrutura", "EditoraCrescer.Infraestrutura\EditoraCrescer.Infraestrutura.csproj", "{66AA75DE-CE51-4F4D-BE79-52D82CCE8F20}"
EndProject
Project("{FAE04EC0-301F-11D3-BF4B-00C04F79EFBC}") = "ConsoleApplicationTeste", "ConsoleApplicationTeste\ConsoleApplicationTeste.csproj", "{246A0CE1-980B-421A-B12A-AA1796CBFAE7}"
EndProject
Project("{FAE04EC0-301F-11D3-BF4B-00C04F79EFBC}") = "EditoraCrescer.Api", "EditoraCrescer.Api\EditoraCrescer.Api.csproj", "{83397E51-F389-49D8-8161-7F01C351E176}"
EndProject
Global
	GlobalSection(SolutionConfigurationPlatforms) = preSolution
		Debug|Any CPU = Debug|Any CPU
		Release|Any CPU = Release|Any CPU
	EndGlobalSection
	GlobalSection(ProjectConfigurationPlatforms) = postSolution
		{66AA75DE-CE51-4F4D-BE79-52D82CCE8F20}.Debug|Any CPU.ActiveCfg = Debug|Any CPU
		{66AA75DE-CE51-4F4D-BE79-52D82CCE8F20}.Debug|Any CPU.Build.0 = Debug|Any CPU
		{66AA75DE-CE51-4F4D-BE79-52D82CCE8F20}.Release|Any CPU.ActiveCfg = Release|Any CPU
		{66AA75DE-CE51-4F4D-BE79-52D82CCE8F20}.Release|Any CPU.Build.0 = Release|Any CPU
		{246A0CE1-980B-421A-B12A-AA1796CBFAE7}.Debug|Any CPU.ActiveCfg = Debug|Any CPU
		{246A0CE1-980B-421A-B12A-AA1796CBFAE7}.Debug|Any CPU.Build.0 = Debug|Any CPU
		{246A0CE1-980B-421A-B12A-AA1796CBFAE7}.Release|Any CPU.ActiveCfg = Release|Any CPU
		{246A0CE1-980B-421A-B12A-AA1796CBFAE7}.Release|Any CPU.Build.0 = Release|Any CPU
		{83397E51-F389-49D8-8161-7F01C351E176}.Debug|Any CPU.ActiveCfg = Debug|Any CPU
		{83397E51-F389-49D8-8161-7F01C351E176}.Debug|Any CPU.Build.0 = Debug|Any CPU
		{83397E51-F389-49D8-8161-7F01C351E176}.Release|Any CPU.ActiveCfg = Release|Any CPU
		{83397E51-F389-49D8-8161-7F01C351E176}.Release|Any CPU.Build.0 = Release|Any CPU
	EndGlobalSection
	GlobalSection(SolutionProperties) = preSolution
		HideSolutionNode = FALSE
	EndGlobalSection
EndGlobal
