
Microsoft Visual Studio Solution File, Format Version 12.00
# Visual Studio 14
VisualStudioVersion = 14.0.25420.1
MinimumVisualStudioVersion = 10.0.40219.1
Project("{FAE04EC0-301F-11D3-BF4B-00C04F79EFBC}") = "Demo1.WebApi", "Demo1.WebApi\Demo1.WebApi.csproj", "{D4246E71-9DB9-4E24-9704-7BACCBFDE35B}"
EndProject
Project("{FAE04EC0-301F-11D3-BF4B-00C04F79EFBC}") = "Demo1.Dominio", "Demo1.Dominio\Demo1.Dominio.csproj", "{95C12E92-82FF-442A-831E-AF92A475FCE8}"
EndProject
Project("{FAE04EC0-301F-11D3-BF4B-00C04F79EFBC}") = "Demo1.Infraestrutura", "Demo1.Infraestrutura\Demo1.Infraestrutura.csproj", "{A6C9076B-434E-470A-9101-B27897DE2C84}"
EndProject
Global
	GlobalSection(SolutionConfigurationPlatforms) = preSolution
		Debug|Any CPU = Debug|Any CPU
		Release|Any CPU = Release|Any CPU
	EndGlobalSection
	GlobalSection(ProjectConfigurationPlatforms) = postSolution
		{D4246E71-9DB9-4E24-9704-7BACCBFDE35B}.Debug|Any CPU.ActiveCfg = Debug|Any CPU
		{D4246E71-9DB9-4E24-9704-7BACCBFDE35B}.Debug|Any CPU.Build.0 = Debug|Any CPU
		{D4246E71-9DB9-4E24-9704-7BACCBFDE35B}.Release|Any CPU.ActiveCfg = Release|Any CPU
		{D4246E71-9DB9-4E24-9704-7BACCBFDE35B}.Release|Any CPU.Build.0 = Release|Any CPU
		{95C12E92-82FF-442A-831E-AF92A475FCE8}.Debug|Any CPU.ActiveCfg = Debug|Any CPU
		{95C12E92-82FF-442A-831E-AF92A475FCE8}.Debug|Any CPU.Build.0 = Debug|Any CPU
		{95C12E92-82FF-442A-831E-AF92A475FCE8}.Release|Any CPU.ActiveCfg = Release|Any CPU
		{95C12E92-82FF-442A-831E-AF92A475FCE8}.Release|Any CPU.Build.0 = Release|Any CPU
		{A6C9076B-434E-470A-9101-B27897DE2C84}.Debug|Any CPU.ActiveCfg = Debug|Any CPU
		{A6C9076B-434E-470A-9101-B27897DE2C84}.Debug|Any CPU.Build.0 = Debug|Any CPU
		{A6C9076B-434E-470A-9101-B27897DE2C84}.Release|Any CPU.ActiveCfg = Release|Any CPU
		{A6C9076B-434E-470A-9101-B27897DE2C84}.Release|Any CPU.Build.0 = Release|Any CPU
	EndGlobalSection
	GlobalSection(SolutionProperties) = preSolution
		HideSolutionNode = FALSE
	EndGlobalSection
EndGlobal
